
Microsoft Visual Studio Solution File, Format Version 12.00
# Visual Studio 15
VisualStudioVersion = 15.0.27130.2020
MinimumVisualStudioVersion = 10.0.40219.1
Project("{FAE04EC0-301F-11D3-BF4B-00C04F79EFBC}") = "KryptoSignerApp", "KryptoSignerApp\KryptoSignerApp.csproj", "{11FE0FF1-7375-4F36-90E8-424C8A8EDD20}"
EndProject
Global
	GlobalSection(SolutionConfigurationPlatforms) = preSolution
		Debug|Any CPU = Debug|Any CPU
		Release|Any CPU = Release|Any CPU
	EndGlobalSection
	GlobalSection(ProjectConfigurationPlatforms) = postSolution
		{11FE0FF1-7375-4F36-90E8-424C8A8EDD20}.Debug|Any CPU.ActiveCfg = Debug|Any CPU
		{11FE0FF1-7375-4F36-90E8-424C8A8EDD20}.Debug|Any CPU.Build.0 = Debug|Any CPU
		{11FE0FF1-7375-4F36-90E8-424C8A8EDD20}.Release|Any CPU.ActiveCfg = Release|Any CPU
		{11FE0FF1-7375-4F36-90E8-424C8A8EDD20}.Release|Any CPU.Build.0 = Release|Any CPU
	EndGlobalSection
	GlobalSection(SolutionProperties) = preSolution
		HideSolutionNode = FALSE
	EndGlobalSection
	GlobalSection(ExtensibilityGlobals) = postSolution
		SolutionGuid = {459D7D4F-6404-44D1-BAF8-818C298A8843}
	EndGlobalSection
EndGlobal
